// !$*UTF8*$!
{
	archiveVersion = 1;
	classes = {
	};
	objectVersion = 50;
	objects = {

/* Begin PBXBuildFile section */
		A81EB3D4251CA7D800EF790F /* TTTWebview.m in Sources */ = {isa = PBXBuildFile; fileRef = A81EB3D3251CA7D800EF790F /* TTTWebview.m */; };
		A82A380C2511EAE900CB76A3 /* AppDelegate.m in Sources */ = {isa = PBXBuildFile; fileRef = A82A380B2511EAE900CB76A3 /* AppDelegate.m */; };
		A82A380F2511EAE900CB76A3 /* SceneDelegate.m in Sources */ = {isa = PBXBuildFile; fileRef = A82A380E2511EAE900CB76A3 /* SceneDelegate.m */; };
		A82A38122511EAE900CB76A3 /* ViewController.m in Sources */ = {isa = PBXBuildFile; fileRef = A82A38112511EAE900CB76A3 /* ViewController.m */; };
		A82A38152511EAE900CB76A3 /* Main.storyboard in Resources */ = {isa = PBXBuildFile; fileRef = A82A38132511EAE900CB76A3 /* Main.storyboard */; };
		A82A38172511EAEF00CB76A3 /* Assets.xcassets in Resources */ = {isa = PBXBuildFile; fileRef = A82A38162511EAEF00CB76A3 /* Assets.xcassets */; };
		A82A381A2511EAEF00CB76A3 /* LaunchScreen.storyboard in Resources */ = {isa = PBXBuildFile; fileRef = A82A38182511EAEF00CB76A3 /* LaunchScreen.storyboard */; };
		A82A381D2511EAEF00CB76A3 /* main.m in Sources */ = {isa = PBXBuildFile; fileRef = A82A381C2511EAEF00CB76A3 /* main.m */; };
/* End PBXBuildFile section */

/* Begin PBXFileReference section */
		A81EB3D2251CA7D800EF790F /* TTTWebview.h */ = {isa = PBXFileReference; lastKnownFileType = sourcecode.c.h; path = TTTWebview.h; sourceTree = "<group>"; };
		A81EB3D3251CA7D800EF790F /* TTTWebview.m */ = {isa = PBXFileReference; lastKnownFileType = sourcecode.c.objc; path = TTTWebview.m; sourceTree = "<group>"; };
		A82A38072511EAE900CB76A3 /* TestWebviewEditor.app */ = {isa = PBXFileReference; explicitFileType = wrapper.application; includeInIndex = 0; path = TestWebviewEditor.app; sourceTree = BUILT_PRODUCTS_DIR; };
		A82A380A2511EAE900CB76A3 /* AppDelegate.h */ = {isa = PBXFileReference; lastKnownFileType = sourcecode.c.h; path = AppDelegate.h; sourceTree = "<group>"; };
		A82A380B2511EAE900CB76A3 /* AppDelegate.m */ = {isa = PBXFileReference; lastKnownFileType = sourcecode.c.objc; path = AppDelegate.m; sourceTree = "<group>"; };
		A82A380D2511EAE900CB76A3 /* SceneDelegate.h */ = {isa = PBXFileReference; lastKnownFileType = sourcecode.c.h; path = SceneDelegate.h; sourceTree = "<group>"; };
		A82A380E2511EAE900CB76A3 /* SceneDelegate.m */ = {isa = PBXFileReference; lastKnownFileType = sourcecode.c.objc; path = SceneDelegate.m; sourceTree = "<group>"; };
		A82A38102511EAE900CB76A3 /* ViewController.h */ = {isa = PBXFileReference; lastKnownFileType = sourcecode.c.h; path = ViewController.h; sourceTree = "<group>"; };
		A82A38112511EAE900CB76A3 /* ViewController.m */ = {isa = PBXFileReference; lastKnownFileType = sourcecode.c.objc; path = ViewController.m; sourceTree = "<group>"; };
		A82A38142511EAE900CB76A3 /* Base */ = {isa = PBXFileReference; lastKnownFileType = file.storyboard; name = Base; path = Base.lproj/Main.storyboard; sourceTree = "<group>"; };
		A82A38162511EAEF00CB76A3 /* Assets.xcassets */ = {isa = PBXFileReference; lastKnownFileType = folder.assetcatalog; path = Assets.xcassets; sourceTree = "<group>"; };
		A82A38192511EAEF00CB76A3 /* Base */ = {isa = PBXFileReference; lastKnownFileType = file.storyboard; name = Base; path = Base.lproj/LaunchScreen.storyboard; sourceTree = "<group>"; };
		A82A381B2511EAEF00CB76A3 /* Info.plist */ = {isa = PBXFileReference; lastKnownFileType = text.plist.xml; path = Info.plist; sourceTree = "<group>"; };
		A82A381C2511EAEF00CB76A3 /* main.m */ = {isa = PBXFileReference; lastKnownFileType = sourcecode.c.objc; path = main.m; sourceTree = "<group>"; };
/* End PBXFileReference section */

/* Begin PBXFrameworksBuildPhase section */
		A82A38042511EAE900CB76A3 /* Frameworks */ = {
			isa = PBXFrameworksBuildPhase;
			buildActionMask = 2147483647;
			files = (
			);
			runOnlyForDeploymentPostprocessing = 0;
		};
/* End PBXFrameworksBuildPhase section */

/* Begin PBXGroup section */
		A82A37FE2511EAE900CB76A3 = {
			isa = PBXGroup;
			children = (
				A82A38092511EAE900CB76A3 /* TestWebviewEditor */,
				A82A38082511EAE900CB76A3 /* Products */,
			);
			sourceTree = "<group>";
		};
		A82A38082511EAE900CB76A3 /* Products */ = {
			isa = PBXGroup;
			children = (
				A82A38072511EAE900CB76A3 /* TestWebviewEditor.app */,
			);
			name = Products;
			sourceTree = "<group>";
		};
		A82A38092511EAE900CB76A3 /* TestWebviewEditor */ = {
			isa = PBXGroup;
			children = (
				A82A380A2511EAE900CB76A3 /* AppDelegate.h */,
				A82A380B2511EAE900CB76A3 /* AppDelegate.m */,
				A82A380D2511EAE900CB76A3 /* SceneDelegate.h */,
				A82A380E2511EAE900CB76A3 /* SceneDelegate.m */,
				A81EB3D2251CA7D800EF790F /* TTTWebview.h */,
				A81EB3D3251CA7D800EF790F /* TTTWebview.m */,
				A82A38102511EAE900CB76A3 /* ViewController.h */,
				A82A38112511EAE900CB76A3 /* ViewController.m */,
				A82A38132511EAE900CB76A3 /* Main.storyboard */,
				A82A38162511EAEF00CB76A3 /* Assets.xcassets */,
				A82A38182511EAEF00CB76A3 /* LaunchScreen.storyboard */,
				A82A381B2511EAEF00CB76A3 /* Info.plist */,
				A82A381C2511EAEF00CB76A3 /* main.m */,
			);
			path = TestWebviewEditor;
			sourceTree = "<group>";
		};
/* End PBXGroup section */

/* Begin PBXNativeTarget section */
		A82A38062511EAE900CB76A3 /* TestWebviewEditor */ = {
			isa = PBXNativeTarget;
			buildConfigurationList = A82A38202511EAEF00CB76A3 /* Build configuration list for PBXNativeTarget "TestWebviewEditor" */;
			buildPhases = (
				A82A38032511EAE900CB76A3 /* Sources */,
				A82A38042511EAE900CB76A3 /* Frameworks */,
				A82A38052511EAE900CB76A3 /* Resources */,
			);
			buildRules = (
			);
			dependencies = (
			);
			name = TestWebviewEditor;
			productName = TestWebviewEditor;
			productReference = A82A38072511EAE900CB76A3 /* TestWebviewEditor.app */;
			productType = "com.apple.product-type.application";
		};
/* End PBXNativeTarget section */

/* Begin PBXProject section */
		A82A37FF2511EAE900CB76A3 /* Project object */ = {
			isa = PBXProject;
			attributes = {
				LastUpgradeCheck = 1160;
				ORGANIZATIONNAME = " joy";
				TargetAttributes = {
					A82A38062511EAE900CB76A3 = {
						CreatedOnToolsVersion = 11.6;
					};
				};
			};
			buildConfigurationList = A82A38022511EAE900CB76A3 /* Build configuration list for PBXProject "TestWebviewEditor" */;
			compatibilityVersion = "Xcode 9.3";
			developmentRegion = en;
			hasScannedForEncodings = 0;
			knownRegions = (
				en,
				Base,
			);
			mainGroup = A82A37FE2511EAE900CB76A3;
			productRefGroup = A82A38082511EAE900CB76A3 /* Products */;
			projectDirPath = "";
			projectRoot = "";
			targets = (
				A82A38062511EAE900CB76A3 /* TestWebviewEditor */,
			);
		};
/* End PBXProject section */

/* Begin PBXResourcesBuildPhase section */
		A82A38052511EAE900CB76A3 /* Resources */ = {
			isa = PBXResourcesBuildPhase;
			buildActionMask = 2147483647;
			files = (
				A82A381A2511EAEF00CB76A3 /* LaunchScreen.storyboard in Resources */,
				A82A38172511EAEF00CB76A3 /* Assets.xcassets in Resources */,
				A82A38152511EAE900CB76A3 /* Main.storyboard in Resources */,
			);
			runOnlyForDeploymentPostprocessing = 0;
		};
/* End PBXResourcesBuildPhase section */

/* Begin PBXSourcesBuildPhase section */
		A82A38032511EAE900CB76A3 /* Sources */ = {
			isa = PBXSourcesBuildPhase;
			buildActionMask = 2147483647;
			files = (
				A82A38122511EAE900CB76A3 /* ViewController.m in Sources */,
				A81EB3D4251CA7D800EF790F /* TTTWebview.m in Sources */,
				A82A380C2511EAE900CB76A3 /* AppDelegate.m in Sources */,
				A82A381D2511EAEF00CB76A3 /* main.m in Sources */,
				A82A380F2511EAE900CB76A3 /* SceneDelegate.m in Sources */,
			);
			runOnlyForDeploymentPostprocessing = 0;
		};
/* End PBXSourcesBuildPhase section */

/* Begin PBXVariantGroup section */
		A82A38132511EAE900CB76A3 /* Main.storyboard */ = {
			isa = PBXVariantGroup;
			children = (
				A82A38142511EAE900CB76A3 /* Base */,
			);
			name = Main.storyboard;
			sourceTree = "<group>";
		};
		A82A38182511EAEF00CB76A3 /* LaunchScreen.storyboard */ = {
			isa = PBXVariantGroup;
			children = (
				A82A38192511EAEF00CB76A3 /* Base */,
			);
			name = LaunchScreen.storyboard;
			sourceTree = "<group>";
		};
/* End PBXVariantGroup section */

/* Begin XCBuildConfiguration section */
		A82A381E2511EAEF00CB76A3 /* Debug */ = {
			isa = XCBuildConfiguration;
			buildSettings = {
				ALWAYS_SEARCH_USER_PATHS = NO;
				CLANG_ANALYZER_NONNULL = YES;
				CLANG_ANALYZER_NUMBER_OBJECT_CONVERSION = YES_AGGRESSIVE;
				CLANG_CXX_LANGUAGE_STANDARD = "gnu++14";
				CLANG_CXX_LIBRARY = "libc++";
				CLANG_ENABLE_MODULES = YES;
				CLANG_ENABLE_OBJC_ARC = YES;
				CLANG_ENABLE_OBJC_WEAK = YES;
				CLANG_WARN_BLOCK_CAPTURE_AUTORELEASING = YES;
				CLANG_WARN_BOOL_CONVERSION = YES;
				CLANG_WARN_COMMA = YES;
				CLANG_WARN_CONSTANT_CONVERSION = YES;
				CLANG_WARN_DEPRECATED_OBJC_IMPLEMENTATIONS = YES;
				CLANG_WARN_DIRECT_OBJC_ISA_USAGE = YES_ERROR;
				CLANG_WARN_DOCUMENTATION_COMMENTS = YES;
				CLANG_WARN_EMPTY_BODY = YES;
				CLANG_WARN_ENUM_CONVERSION = YES;
				CLANG_WARN_INFINITE_RECURSION = YES;
				CLANG_WARN_INT_CONVERSION = YES;
				CLANG_WARN_NON_LITERAL_NULL_CONVERSION = YES;
				CLANG_WARN_OBJC_IMPLICIT_RETAIN_SELF = YES;
				CLANG_WARN_OBJC_LITERAL_CONVERSION = YES;
				CLANG_WARN_OBJC_ROOT_CLASS = YES_ERROR;
				CLANG_WARN_RANGE_LOOP_ANALYSIS = YES;
				CLANG_WARN_STRICT_PROTOTYPES = YES;
				CLANG_WARN_SUSPICIOUS_MOVE = YES;
				CLANG_WARN_UNGUARDED_AVAILABILITY = YES_AGGRESSIVE;
				CLANG_WARN_UNREACHABLE_CODE = YES;
				CLANG_WARN__DUPLICATE_METHOD_MATCH = YES;
				COPY_PHASE_STRIP = NO;
				DEBUG_INFORMATION_FORMAT = dwarf;
				ENABLE_STRICT_OBJC_MSGSEND = YES;
				ENABLE_TESTABILITY = YES;
				GCC_C_LANGUAGE_STANDARD = gnu11;
				GCC_DYNAMIC_NO_PIC = NO;
				GCC_NO_COMMON_BLOCKS = YES;
				GCC_OPTIMIZATION_LEVEL = 0;
				GCC_PREPROCESSOR_DEFINITIONS = (
					"DEBUG=1",
					"$(inherited)",
				);
				GCC_WARN_64_TO_32_BIT_CONVERSION = YES;
				GCC_WARN_ABOUT_RETURN_TYPE = YES_ERROR;
				GCC_WARN_UNDECLARED_SELECTOR = YES;
				GCC_WARN_UNINITIALIZED_AUTOS = YES_AGGRESSIVE;
				GCC_WARN_UNUSED_FUNCTION = YES;
				GCC_WARN_UNUSED_VARIABLE = YES;
				IPHONEOS_DEPLOYMENT_TARGET = 13.6;
				MTL_ENABLE_DEBUG_INFO = INCLUDE_SOURCE;
				MTL_FAST_MATH = YES;
				ONLY_ACTIVE_ARCH = YES;
				SDKROOT = iphoneos;
			};
			name = Debug;
		};
		A82A381F2511EAEF00CB76A3 /* Release */ = {
			isa = XCBuildConfiguration;
			buildSettings = {
				ALWAYS_SEARCH_USER_PATHS = NO;
				CLANG_ANALYZER_NONNULL = YES;
				CLANG_ANALYZER_NUMBER_OBJECT_CONVERSION = YES_AGGRESSIVE;
				CLANG_CXX_LANGUAGE_STANDARD = "gnu++14";
				CLANG_CXX_LIBRARY = "libc++";
				CLANG_ENABLE_MODULES = YES;
				CLANG_ENABLE_OBJC_ARC = YES;
				CLANG_ENABLE_OBJC_WEAK = YES;
				CLANG_WARN_BLOCK_CAPTURE_AUTORELEASING = YES;
				CLANG_WARN_BOOL_CONVERSION = YES;
				CLANG_WARN_COMMA = YES;
				CLANG_WARN_CONSTANT_CONVERSION = YES;
				CLANG_WARN_DEPRECATED_OBJC_IMPLEMENTATIONS = YES;
				CLANG_WARN_DIRECT_OBJC_ISA_USAGE = YES_ERROR;
				CLANG_WARN_DOCUMENTATION_COMMENTS = YES;
				CLANG_WARN_EMPTY_BODY = YES;
				CLANG_WARN_ENUM_CONVERSION = YES;
				CLANG_WARN_INFINITE_RECURSION = YES;
				CLANG_WARN_INT_CONVERSION = YES;
				CLANG_WARN_NON_LITERAL_NULL_CONVERSION = YES;
				CLANG_WARN_OBJC_IMPLICIT_RETAIN_SELF = YES;
				CLANG_WARN_OBJC_LITERAL_CONVERSION = YES;
				CLANG_WARN_OBJC_ROOT_CLASS = YES_ERROR;
				CLANG_WARN_RANGE_LOOP_ANALYSIS = YES;
				CLANG_WARN_STRICT_PROTOTYPES = YES;
				CLANG_WARN_SUSPICIOUS_MOVE = YES;
				CLANG_WARN_UNGUARDED_AVAILABILITY = YES_AGGRESSIVE;
				CLANG_WARN_UNREACHABLE_CODE = YES;
				CLANG_WARN__DUPLICATE_METHOD_MATCH = YES;
				COPY_PHASE_STRIP = NO;
				DEBUG_INFORMATION_FORMAT = "dwarf-with-dsym";
				ENABLE_NS_ASSERTIONS = NO;
				ENABLE_STRICT_OBJC_MSGSEND = YES;
				GCC_C_LANGUAGE_STANDARD = gnu11;
				GCC_NO_COMMON_BLOCKS = YES;
				GCC_WARN_64_TO_32_BIT_CONVERSION = YES;
				GCC_WARN_ABOUT_RETURN_TYPE = YES_ERROR;
				GCC_WARN_UNDECLARED_SELECTOR = YES;
				GCC_WARN_UNINITIALIZED_AUTOS = YES_AGGRESSIVE;
				GCC_WARN_UNUSED_FUNCTION = YES;
				GCC_WARN_UNUSED_VARIABLE = YES;
				IPHONEOS_DEPLOYMENT_TARGET = 13.6;
				MTL_ENABLE_DEBUG_INFO = NO;
				MTL_FAST_MATH = YES;
				SDKROOT = iphoneos;
				VALIDATE_PRODUCT = YES;
			};
			name = Release;
		};
		A82A38212511EAEF00CB76A3 /* Debug */ = {
			isa = XCBuildConfiguration;
			buildSettings = {
				ASSETCATALOG_COMPILER_APPICON_NAME = AppIcon;
				CODE_SIGN_STYLE = Automatic;
				INFOPLIST_FILE = TestWebviewEditor/Info.plist;
				LD_RUNPATH_SEARCH_PATHS = (
					"$(inherited)",
					"@executable_path/Frameworks",
				);
				PRODUCT_BUNDLE_IDENTIFIER = "-.TestWebviewEditor";
				PRODUCT_NAME = "$(TARGET_NAME)";
				TARGETED_DEVICE_FAMILY = "1,2";
			};
			name = Debug;
		};
		A82A38222511EAEF00CB76A3 /* Release */ = {
			isa = XCBuildConfiguration;
			buildSettings = {
				ASSETCATALOG_COMPILER_APPICON_NAME = AppIcon;
				CODE_SIGN_STYLE = Automatic;
				INFOPLIST_FILE = TestWebviewEditor/Info.plist;
				LD_RUNPATH_SEARCH_PATHS = (
					"$(inherited)",
					"@executable_path/Frameworks",
				);
				PRODUCT_BUNDLE_IDENTIFIER = "-.TestWebviewEditor";
				PRODUCT_NAME = "$(TARGET_NAME)";
				TARGETED_DEVICE_FAMILY = "1,2";
			};
			name = Release;
		};
/* End XCBuildConfiguration section */

/* Begin XCConfigurationList section */
		A82A38022511EAE900CB76A3 /* Build configuration list for PBXProject "TestWebviewEditor" */ = {
			isa = XCConfigurationList;
			buildConfigurations = (
				A82A381E2511EAEF00CB76A3 /* Debug */,
				A82A381F2511EAEF00CB76A3 /* Release */,
			);
			defaultConfigurationIsVisible = 0;
			defaultConfigurationName = Release;
		};
		A82A38202511EAEF00CB76A3 /* Build configuration list for PBXNativeTarget "TestWebviewEditor" */ = {
			isa = XCConfigurationList;
			buildConfigurations = (
				A82A38212511EAEF00CB76A3 /* Debug */,
				A82A38222511EAEF00CB76A3 /* Release */,
			);
			defaultConfigurationIsVisible = 0;
			defaultConfigurationName = Release;
		};
/* End XCConfigurationList section */
	};
	rootObject = A82A37FF2511EAE900CB76A3 /* Project object */;
}
